
Microsoft Visual Studio Solution File, Format Version 12.00
# Visual Studio Version 16
VisualStudioVersion = 25.0.1700.7
MinimumVisualStudioVersion = 10.0.40219.1
Project("{FAE04EC0-301F-11D3-BF4B-00C04F79EFBC}") = "Bypass", "Bypass\Bypass.csproj", "{38E52D1B-E43D-4920-A877-74ECA45C2AC7}"
EndProject
Global
	GlobalSection(SolutionConfigurationPlatforms) = preSolution
		Debug|Any CPU = Debug|Any CPU
		Release|Any CPU = Release|Any CPU
	EndGlobalSection
	GlobalSection(ProjectConfigurationPlatforms) = postSolution
		{38E52D1B-E43D-4920-A877-74ECA45C2AC7}.Debug|Any CPU.ActiveCfg = Debug|Any CPU
		{38E52D1B-E43D-4920-A877-74ECA45C2AC7}.Debug|Any CPU.Build.0 = Debug|Any CPU
		{38E52D1B-E43D-4920-A877-74ECA45C2AC7}.Release|Any CPU.ActiveCfg = Release|Any CPU
		{38E52D1B-E43D-4920-A877-74ECA45C2AC7}.Release|Any CPU.Build.0 = Release|Any CPU
	EndGlobalSection
	GlobalSection(SolutionProperties) = preSolution
		HideSolutionNode = FALSE
	EndGlobalSection
	GlobalSection(ExtensibilityGlobals) = postSolution
		SolutionGuid = {5F159ACB-DF2A-46C4-84DD-7C9D5D35D93A}
	EndGlobalSection
EndGlobal
